
Microsoft Visual Studio Solution File, Format Version 11.00
# Visual Studio 2010
Project("{FAE04EC0-301F-11D3-BF4B-00C04F79EFBC}") = "UnityFaceMapper", "Assembly-CSharp-firstpass.csproj", "{05E2E5E0-B916-2105-F89C-E5A515FF7C13}"
EndProject
Project("{FAE04EC0-301F-11D3-BF4B-00C04F79EFBC}") = "UnityFaceMapper", "Assembly-CSharp.csproj", "{A1475A64-C018-CBBE-AAC0-9463C97F528B}"
EndProject
Global
	GlobalSection(SolutionConfigurationPlatforms) = preSolution
		Debug|Any CPU = Debug|Any CPU
		Release|Any CPU = Release|Any CPU
	EndGlobalSection
	GlobalSection(ProjectConfigurationPlatforms) = postSolution
		{05E2E5E0-B916-2105-F89C-E5A515FF7C13}.Debug|Any CPU.ActiveCfg = Debug|Any CPU
		{05E2E5E0-B916-2105-F89C-E5A515FF7C13}.Debug|Any CPU.Build.0 = Debug|Any CPU
		{05E2E5E0-B916-2105-F89C-E5A515FF7C13}.Release|Any CPU.ActiveCfg = Release|Any CPU
		{05E2E5E0-B916-2105-F89C-E5A515FF7C13}.Release|Any CPU.Build.0 = Release|Any CPU
		{A1475A64-C018-CBBE-AAC0-9463C97F528B}.Debug|Any CPU.ActiveCfg = Debug|Any CPU
		{A1475A64-C018-CBBE-AAC0-9463C97F528B}.Debug|Any CPU.Build.0 = Debug|Any CPU
		{A1475A64-C018-CBBE-AAC0-9463C97F528B}.Release|Any CPU.ActiveCfg = Release|Any CPU
		{A1475A64-C018-CBBE-AAC0-9463C97F528B}.Release|Any CPU.Build.0 = Release|Any CPU
	EndGlobalSection
	GlobalSection(SolutionProperties) = preSolution
		HideSolutionNode = FALSE
	EndGlobalSection
	GlobalSection(MonoDevelopProperties) = preSolution
		StartupItem = Assembly-CSharp.csproj
	EndGlobalSection
EndGlobal
