
Microsoft Visual Studio Solution File, Format Version 12.00
# Visual Studio 15
Project("{FAE04EC0-301F-11D3-BF4B-00C04F79EFBC}") = "UnityFaceMapper-master", "UnityFaceMapper-master.csproj", "{73F71524-C492-2B87-5C67-7F3039169E4E}"
EndProject
Project("{FAE04EC0-301F-11D3-BF4B-00C04F79EFBC}") = "UnityFaceMapper-master.Plugins", "UnityFaceMapper-master.Plugins.csproj", "{A2E6014D-DBBD-3DBB-DE0E-AF780353C2E1}"
EndProject
Global
	GlobalSection(SolutionConfigurationPlatforms) = preSolution
		Debug|Any CPU = Debug|Any CPU
		Release|Any CPU = Release|Any CPU
	EndGlobalSection
	GlobalSection(ProjectConfigurationPlatforms) = postSolution
		{73F71524-C492-2B87-5C67-7F3039169E4E}.Debug|Any CPU.ActiveCfg = Debug|Any CPU
		{73F71524-C492-2B87-5C67-7F3039169E4E}.Debug|Any CPU.Build.0 = Debug|Any CPU
		{73F71524-C492-2B87-5C67-7F3039169E4E}.Release|Any CPU.ActiveCfg = Release|Any CPU
		{73F71524-C492-2B87-5C67-7F3039169E4E}.Release|Any CPU.Build.0 = Release|Any CPU
		{A2E6014D-DBBD-3DBB-DE0E-AF780353C2E1}.Debug|Any CPU.ActiveCfg = Debug|Any CPU
		{A2E6014D-DBBD-3DBB-DE0E-AF780353C2E1}.Debug|Any CPU.Build.0 = Debug|Any CPU
		{A2E6014D-DBBD-3DBB-DE0E-AF780353C2E1}.Release|Any CPU.ActiveCfg = Release|Any CPU
		{A2E6014D-DBBD-3DBB-DE0E-AF780353C2E1}.Release|Any CPU.Build.0 = Release|Any CPU
	EndGlobalSection
	GlobalSection(SolutionProperties) = preSolution
		HideSolutionNode = FALSE
	EndGlobalSection
EndGlobal
